
Microsoft Visual Studio Solution File, Format Version 12.00
# Visual Studio Version 17
VisualStudioVersion = 17.3.32929.385
MinimumVisualStudioVersion = 10.0.40219.1
Project("{FAE04EC0-301F-11D3-BF4B-00C04F79EFBC}") = "Scientometrie_API", "Scientometrie_API\Scientometrie_API.csproj", "{90E72A30-C5EE-4B04-BB33-8F9DE61A826A}"
EndProject
Global
	GlobalSection(SolutionConfigurationPlatforms) = preSolution
		Debug|Any CPU = Debug|Any CPU
		Release|Any CPU = Release|Any CPU
	EndGlobalSection
	GlobalSection(ProjectConfigurationPlatforms) = postSolution
		{90E72A30-C5EE-4B04-BB33-8F9DE61A826A}.Debug|Any CPU.ActiveCfg = Debug|Any CPU
		{90E72A30-C5EE-4B04-BB33-8F9DE61A826A}.Debug|Any CPU.Build.0 = Debug|Any CPU
		{90E72A30-C5EE-4B04-BB33-8F9DE61A826A}.Release|Any CPU.ActiveCfg = Release|Any CPU
		{90E72A30-C5EE-4B04-BB33-8F9DE61A826A}.Release|Any CPU.Build.0 = Release|Any CPU
	EndGlobalSection
	GlobalSection(SolutionProperties) = preSolution
		HideSolutionNode = FALSE
	EndGlobalSection
	GlobalSection(ExtensibilityGlobals) = postSolution
		SolutionGuid = {1975EA2E-1E02-4981-816F-6FA2935E3F98}
	EndGlobalSection
EndGlobal
